
Microsoft Visual Studio Solution File, Format Version 12.00
# Visual Studio Version 17
VisualStudioVersion = 17.3.32825.248
MinimumVisualStudioVersion = 10.0.40219.1
Project("{9A19103F-16F7-4668-BE54-9A1E7A4F7556}") = "EF_Students", "EF_Students.csproj", "{B4DB995C-4149-48AF-9D52-2DA8BF506DCF}"
EndProject
Project("{FAE04EC0-301F-11D3-BF4B-00C04F79EFBC}") = "StudentDBTests", "..\StudentDBTests\StudentDBTests.csproj", "{708B92DA-8127-4CD4-92E9-54D3CE58BAC0}"
	ProjectSection(ProjectDependencies) = postProject
		{B4DB995C-4149-48AF-9D52-2DA8BF506DCF} = {B4DB995C-4149-48AF-9D52-2DA8BF506DCF}
	EndProjectSection
EndProject
Global
	GlobalSection(SolutionConfigurationPlatforms) = preSolution
		Debug|Any CPU = Debug|Any CPU
		Release|Any CPU = Release|Any CPU
	EndGlobalSection
	GlobalSection(ProjectConfigurationPlatforms) = postSolution
		{B4DB995C-4149-48AF-9D52-2DA8BF506DCF}.Debug|Any CPU.ActiveCfg = Debug|Any CPU
		{B4DB995C-4149-48AF-9D52-2DA8BF506DCF}.Debug|Any CPU.Build.0 = Debug|Any CPU
		{B4DB995C-4149-48AF-9D52-2DA8BF506DCF}.Release|Any CPU.ActiveCfg = Release|Any CPU
		{B4DB995C-4149-48AF-9D52-2DA8BF506DCF}.Release|Any CPU.Build.0 = Release|Any CPU
		{708B92DA-8127-4CD4-92E9-54D3CE58BAC0}.Debug|Any CPU.ActiveCfg = Debug|Any CPU
		{708B92DA-8127-4CD4-92E9-54D3CE58BAC0}.Debug|Any CPU.Build.0 = Debug|Any CPU
		{708B92DA-8127-4CD4-92E9-54D3CE58BAC0}.Release|Any CPU.ActiveCfg = Release|Any CPU
		{708B92DA-8127-4CD4-92E9-54D3CE58BAC0}.Release|Any CPU.Build.0 = Release|Any CPU
	EndGlobalSection
	GlobalSection(SolutionProperties) = preSolution
		HideSolutionNode = FALSE
	EndGlobalSection
	GlobalSection(ExtensibilityGlobals) = postSolution
		SolutionGuid = {03D1CDCA-35BA-453F-AD19-0AA9886FD767}
	EndGlobalSection
EndGlobal
